
Microsoft Visual Studio Solution File, Format Version 12.00
# Visual Studio Version 17
VisualStudioVersion = 17.4.33110.190
MinimumVisualStudioVersion = 10.0.40219.1
Project("{9A19103F-16F7-4668-BE54-9A1E7A4F7556}") = "VikingFinancial.Data.Transaction", "VikingFinancial.Data.Transaction\VikingFinancial.Data.Transaction.csproj", "{FF71E1C3-D1D5-41C2-B61B-4622A9B9B5EC}"
EndProject
Project("{9A19103F-16F7-4668-BE54-9A1E7A4F7556}") = "VikingFinancial.Protos", "VikingFinancial.Protos\VikingFinancial.Protos.csproj", "{17F82E2E-FC71-46BC-9295-D3E49DE3AAD6}"
EndProject
Project("{9A19103F-16F7-4668-BE54-9A1E7A4F7556}") = "VikingFinancial.Common", "VikingFinancial.Common\VikingFinancial.Common.csproj", "{DD57B11A-3540-4C74-833A-415677909889}"
EndProject
Project("{2150E333-8FDC-42A3-9474-1A3956D46DE8}") = "Common", "Common", "{6C86CF96-7F2B-4216-A403-8EEC078FC548}"
EndProject
Project("{FAE04EC0-301F-11D3-BF4B-00C04F79EFBC}") = "TransactionService", "TransactionService\TransactionService.csproj", "{F8C45F23-9ED4-43B1-9F4C-8EE01428AFE1}"
EndProject
Project("{FAE04EC0-301F-11D3-BF4B-00C04F79EFBC}") = "TransactionNavigator", "TransactionNavigator\TransactionNavigator.csproj", "{94461636-4BD3-44EE-9A61-B5DE6DA102D7}"
EndProject
Project("{FAE04EC0-301F-11D3-BF4B-00C04F79EFBC}") = "TransactionClient", "TransactionClient\TransactionClient.csproj", "{AEC49308-EAD7-42AD-9577-1911EC31BE6C}"
EndProject
Global
	GlobalSection(SolutionConfigurationPlatforms) = preSolution
		Debug|Any CPU = Debug|Any CPU
		Release|Any CPU = Release|Any CPU
	EndGlobalSection
	GlobalSection(ProjectConfigurationPlatforms) = postSolution
		{FF71E1C3-D1D5-41C2-B61B-4622A9B9B5EC}.Debug|Any CPU.ActiveCfg = Debug|Any CPU
		{FF71E1C3-D1D5-41C2-B61B-4622A9B9B5EC}.Debug|Any CPU.Build.0 = Debug|Any CPU
		{FF71E1C3-D1D5-41C2-B61B-4622A9B9B5EC}.Release|Any CPU.ActiveCfg = Release|Any CPU
		{FF71E1C3-D1D5-41C2-B61B-4622A9B9B5EC}.Release|Any CPU.Build.0 = Release|Any CPU
		{17F82E2E-FC71-46BC-9295-D3E49DE3AAD6}.Debug|Any CPU.ActiveCfg = Debug|Any CPU
		{17F82E2E-FC71-46BC-9295-D3E49DE3AAD6}.Debug|Any CPU.Build.0 = Debug|Any CPU
		{17F82E2E-FC71-46BC-9295-D3E49DE3AAD6}.Release|Any CPU.ActiveCfg = Release|Any CPU
		{17F82E2E-FC71-46BC-9295-D3E49DE3AAD6}.Release|Any CPU.Build.0 = Release|Any CPU
		{DD57B11A-3540-4C74-833A-415677909889}.Debug|Any CPU.ActiveCfg = Debug|Any CPU
		{DD57B11A-3540-4C74-833A-415677909889}.Debug|Any CPU.Build.0 = Debug|Any CPU
		{DD57B11A-3540-4C74-833A-415677909889}.Release|Any CPU.ActiveCfg = Release|Any CPU
		{DD57B11A-3540-4C74-833A-415677909889}.Release|Any CPU.Build.0 = Release|Any CPU
		{F8C45F23-9ED4-43B1-9F4C-8EE01428AFE1}.Debug|Any CPU.ActiveCfg = Debug|Any CPU
		{F8C45F23-9ED4-43B1-9F4C-8EE01428AFE1}.Debug|Any CPU.Build.0 = Debug|Any CPU
		{F8C45F23-9ED4-43B1-9F4C-8EE01428AFE1}.Release|Any CPU.ActiveCfg = Release|Any CPU
		{F8C45F23-9ED4-43B1-9F4C-8EE01428AFE1}.Release|Any CPU.Build.0 = Release|Any CPU
		{94461636-4BD3-44EE-9A61-B5DE6DA102D7}.Debug|Any CPU.ActiveCfg = Debug|Any CPU
		{94461636-4BD3-44EE-9A61-B5DE6DA102D7}.Debug|Any CPU.Build.0 = Debug|Any CPU
		{94461636-4BD3-44EE-9A61-B5DE6DA102D7}.Release|Any CPU.ActiveCfg = Release|Any CPU
		{94461636-4BD3-44EE-9A61-B5DE6DA102D7}.Release|Any CPU.Build.0 = Release|Any CPU
		{AEC49308-EAD7-42AD-9577-1911EC31BE6C}.Debug|Any CPU.ActiveCfg = Debug|Any CPU
		{AEC49308-EAD7-42AD-9577-1911EC31BE6C}.Debug|Any CPU.Build.0 = Debug|Any CPU
		{AEC49308-EAD7-42AD-9577-1911EC31BE6C}.Release|Any CPU.ActiveCfg = Release|Any CPU
		{AEC49308-EAD7-42AD-9577-1911EC31BE6C}.Release|Any CPU.Build.0 = Release|Any CPU
	EndGlobalSection
	GlobalSection(SolutionProperties) = preSolution
		HideSolutionNode = FALSE
	EndGlobalSection
	GlobalSection(NestedProjects) = preSolution
		{FF71E1C3-D1D5-41C2-B61B-4622A9B9B5EC} = {6C86CF96-7F2B-4216-A403-8EEC078FC548}
		{17F82E2E-FC71-46BC-9295-D3E49DE3AAD6} = {6C86CF96-7F2B-4216-A403-8EEC078FC548}
		{DD57B11A-3540-4C74-833A-415677909889} = {6C86CF96-7F2B-4216-A403-8EEC078FC548}
	EndGlobalSection
	GlobalSection(ExtensibilityGlobals) = postSolution
		SolutionGuid = {E7252CBE-6F5B-424B-9ACF-E63A4A49B256}
	EndGlobalSection
EndGlobal
